{
  "requires": true,
  "lockfileVersion": 1,
  "dependencies": {
    "opencv-ts": {
      "version": "1.2.25",
      "resolved": "https://registry.npmjs.org/opencv-ts/-/opencv-ts-1.2.25.tgz",
      "integrity": "sha512-rkRZm0IvW1j2AshKYDWORs8GlfU4YpUxpVe9rN2FaEBOdc3pPolHrYzGNn0C3Ktps5H7m6+q8SNhttSfj8fDyw==",
      "requires": {
        "typescript": "^4.2.3"
      }
    },
    "typescript": {
      "version": "4.5.4",
      "resolved": "https://registry.npmjs.org/typescript/-/typescript-4.5.4.tgz",
      "integrity": "sha512-VgYs2A2QIRuGphtzFV7aQJduJ2gyfTljngLzjpfW9FoYZF6xuw1W0vW9ghCKLfcWrCFxK81CSGRAvS1pn4fIUg=="
    }
  }
}
